
Microsoft Visual Studio Solution File, Format Version 12.00
# Visual Studio Version 17
VisualStudioVersion = 17.6.33829.357
MinimumVisualStudioVersion = 10.0.40219.1
Project("{FAE04EC0-301F-11D3-BF4B-00C04F79EFBC}") = "Lab_practice_set", "Lab_practice_set.csproj", "{F6087010-A7BF-4FCB-BF1B-DDFC6AD6912F}"
EndProject
Global
	GlobalSection(SolutionConfigurationPlatforms) = preSolution
		Debug|Any CPU = Debug|Any CPU
		Release|Any CPU = Release|Any CPU
	EndGlobalSection
	GlobalSection(ProjectConfigurationPlatforms) = postSolution
		{F6087010-A7BF-4FCB-BF1B-DDFC6AD6912F}.Debug|Any CPU.ActiveCfg = Debug|Any CPU
		{F6087010-A7BF-4FCB-BF1B-DDFC6AD6912F}.Debug|Any CPU.Build.0 = Debug|Any CPU
		{F6087010-A7BF-4FCB-BF1B-DDFC6AD6912F}.Release|Any CPU.ActiveCfg = Release|Any CPU
		{F6087010-A7BF-4FCB-BF1B-DDFC6AD6912F}.Release|Any CPU.Build.0 = Release|Any CPU
	EndGlobalSection
	GlobalSection(SolutionProperties) = preSolution
		HideSolutionNode = FALSE
	EndGlobalSection
	GlobalSection(ExtensibilityGlobals) = postSolution
		SolutionGuid = {68F8EE7B-7F28-49A6-BE3D-379BDAC35F80}
	EndGlobalSection
EndGlobal
